
Microsoft Visual Studio Solution File, Format Version 12.00
# Visual Studio Version 16
VisualStudioVersion = 16.0.31624.102
MinimumVisualStudioVersion = 10.0.40219.1
Project("{9A19103F-16F7-4668-BE54-9A1E7A4F7556}") = "Task1", "Task1\Task1.csproj", "{217D97DF-994A-499B-9DE9-9FE2EED69314}"
EndProject
Project("{FAE04EC0-301F-11D3-BF4B-00C04F79EFBC}") = "Task1Test", "Task1Test\Task1Test.csproj", "{BE5B6AB5-7A62-4D6C-A999-0247C2F3B9AA}"
EndProject
Global
	GlobalSection(SolutionConfigurationPlatforms) = preSolution
		Debug|Any CPU = Debug|Any CPU
		Release|Any CPU = Release|Any CPU
	EndGlobalSection
	GlobalSection(ProjectConfigurationPlatforms) = postSolution
		{217D97DF-994A-499B-9DE9-9FE2EED69314}.Debug|Any CPU.ActiveCfg = Debug|Any CPU
		{217D97DF-994A-499B-9DE9-9FE2EED69314}.Debug|Any CPU.Build.0 = Debug|Any CPU
		{217D97DF-994A-499B-9DE9-9FE2EED69314}.Release|Any CPU.ActiveCfg = Release|Any CPU
		{217D97DF-994A-499B-9DE9-9FE2EED69314}.Release|Any CPU.Build.0 = Release|Any CPU
		{BE5B6AB5-7A62-4D6C-A999-0247C2F3B9AA}.Debug|Any CPU.ActiveCfg = Debug|Any CPU
		{BE5B6AB5-7A62-4D6C-A999-0247C2F3B9AA}.Debug|Any CPU.Build.0 = Debug|Any CPU
		{BE5B6AB5-7A62-4D6C-A999-0247C2F3B9AA}.Release|Any CPU.ActiveCfg = Release|Any CPU
		{BE5B6AB5-7A62-4D6C-A999-0247C2F3B9AA}.Release|Any CPU.Build.0 = Release|Any CPU
	EndGlobalSection
	GlobalSection(SolutionProperties) = preSolution
		HideSolutionNode = FALSE
	EndGlobalSection
	GlobalSection(ExtensibilityGlobals) = postSolution
		SolutionGuid = {DBEEBE59-11B5-43B9-AC57-642249ED9799}
	EndGlobalSection
EndGlobal
