
Microsoft Visual Studio Solution File, Format Version 12.00
# Visual Studio Version 17
VisualStudioVersion = 17.1.32328.378
MinimumVisualStudioVersion = 10.0.40219.1
Project("{FAE04EC0-301F-11D3-BF4B-00C04F79EFBC}") = "_153504_Mamchenko_Lab4", "_153504_Mamchenko_Lab4\_153504_Mamchenko_Lab4.csproj", "{0BC50954-7944-46EF-AC7C-72A5BF550EAA}"
EndProject
Global
	GlobalSection(SolutionConfigurationPlatforms) = preSolution
		Debug|Any CPU = Debug|Any CPU
		Release|Any CPU = Release|Any CPU
	EndGlobalSection
	GlobalSection(ProjectConfigurationPlatforms) = postSolution
		{0BC50954-7944-46EF-AC7C-72A5BF550EAA}.Debug|Any CPU.ActiveCfg = Debug|Any CPU
		{0BC50954-7944-46EF-AC7C-72A5BF550EAA}.Debug|Any CPU.Build.0 = Debug|Any CPU
		{0BC50954-7944-46EF-AC7C-72A5BF550EAA}.Release|Any CPU.ActiveCfg = Release|Any CPU
		{0BC50954-7944-46EF-AC7C-72A5BF550EAA}.Release|Any CPU.Build.0 = Release|Any CPU
	EndGlobalSection
	GlobalSection(SolutionProperties) = preSolution
		HideSolutionNode = FALSE
	EndGlobalSection
	GlobalSection(ExtensibilityGlobals) = postSolution
		SolutionGuid = {26D55F15-3616-46BD-92C6-8B0CA4E476CD}
	EndGlobalSection
EndGlobal
