
Microsoft Visual Studio Solution File, Format Version 12.00
# Visual Studio Version 17
VisualStudioVersion = 17.1.32328.378
MinimumVisualStudioVersion = 10.0.40219.1
Project("{FAE04EC0-301F-11D3-BF4B-00C04F79EFBC}") = "_153504_Mamchenko_Lab7", "_153504_Mamchenko_Lab7\_153504_Mamchenko_Lab7.csproj", "{8872A8B5-9943-4E4C-9131-C7C4E1902E21}"
EndProject
Project("{FAE04EC0-301F-11D3-BF4B-00C04F79EFBC}") = "ClassLib", "ClassLib\ClassLib.csproj", "{4D96B63D-D2D4-4D9C-8626-BA5858BABC77}"
EndProject
Global
	GlobalSection(SolutionConfigurationPlatforms) = preSolution
		Debug|Any CPU = Debug|Any CPU
		Release|Any CPU = Release|Any CPU
	EndGlobalSection
	GlobalSection(ProjectConfigurationPlatforms) = postSolution
		{8872A8B5-9943-4E4C-9131-C7C4E1902E21}.Debug|Any CPU.ActiveCfg = Debug|Any CPU
		{8872A8B5-9943-4E4C-9131-C7C4E1902E21}.Debug|Any CPU.Build.0 = Debug|Any CPU
		{8872A8B5-9943-4E4C-9131-C7C4E1902E21}.Release|Any CPU.ActiveCfg = Release|Any CPU
		{8872A8B5-9943-4E4C-9131-C7C4E1902E21}.Release|Any CPU.Build.0 = Release|Any CPU
		{4D96B63D-D2D4-4D9C-8626-BA5858BABC77}.Debug|Any CPU.ActiveCfg = Debug|Any CPU
		{4D96B63D-D2D4-4D9C-8626-BA5858BABC77}.Debug|Any CPU.Build.0 = Debug|Any CPU
		{4D96B63D-D2D4-4D9C-8626-BA5858BABC77}.Release|Any CPU.ActiveCfg = Release|Any CPU
		{4D96B63D-D2D4-4D9C-8626-BA5858BABC77}.Release|Any CPU.Build.0 = Release|Any CPU
	EndGlobalSection
	GlobalSection(SolutionProperties) = preSolution
		HideSolutionNode = FALSE
	EndGlobalSection
	GlobalSection(ExtensibilityGlobals) = postSolution
		SolutionGuid = {80DEDF4C-C5B7-4603-A9C3-75B67B76E5C4}
	EndGlobalSection
EndGlobal
